// !$*UTF8*$!
{
	archiveVersion = 1;
	classes = {
	};
	objectVersion = 50;
	objects = {

/* Begin PBXBuildFile section */
		6A4419D96C355EA746222170 /* Pods_enrollment.framework in Frameworks */ = {isa = PBXBuildFile; fileRef = 384BA022F4E4D58AD82BD802 /* Pods_enrollment.framework */; };
		FEE29948230C40ED006DE4D5 /* AppDelegate.swift in Sources */ = {isa = PBXBuildFile; fileRef = FEE29947230C40ED006DE4D5 /* AppDelegate.swift */; };
		FEE2994A230C40ED006DE4D5 /* ViewController.swift in Sources */ = {isa = PBXBuildFile; fileRef = FEE29949230C40ED006DE4D5 /* ViewController.swift */; };
		FEE2994D230C40ED006DE4D5 /* Main.storyboard in Resources */ = {isa = PBXBuildFile; fileRef = FEE2994B230C40ED006DE4D5 /* Main.storyboard */; };
		FEE2994F230C40EE006DE4D5 /* Assets.xcassets in Resources */ = {isa = PBXBuildFile; fileRef = FEE2994E230C40EE006DE4D5 /* Assets.xcassets */; };
		FEE29952230C40EE006DE4D5 /* LaunchScreen.storyboard in Resources */ = {isa = PBXBuildFile; fileRef = FEE29950230C40EE006DE4D5 /* LaunchScreen.storyboard */; };
/* End PBXBuildFile section */

/* Begin PBXFileReference section */
		384BA022F4E4D58AD82BD802 /* Pods_enrollment.framework */ = {isa = PBXFileReference; explicitFileType = wrapper.framework; includeInIndex = 0; path = Pods_enrollment.framework; sourceTree = BUILT_PRODUCTS_DIR; };
		6B352043E33F7DC7F5D985B6 /* Pods-enrollment.release.xcconfig */ = {isa = PBXFileReference; includeInIndex = 1; lastKnownFileType = text.xcconfig; name = "Pods-enrollment.release.xcconfig"; path = "Target Support Files/Pods-enrollment/Pods-enrollment.release.xcconfig"; sourceTree = "<group>"; };
		8B46B1EFC298130F84FBBEDE /* Pods-enrollment.debug.xcconfig */ = {isa = PBXFileReference; includeInIndex = 1; lastKnownFileType = text.xcconfig; name = "Pods-enrollment.debug.xcconfig"; path = "Target Support Files/Pods-enrollment/Pods-enrollment.debug.xcconfig"; sourceTree = "<group>"; };
		FEE29944230C40ED006DE4D5 /* enrollment.app */ = {isa = PBXFileReference; explicitFileType = wrapper.application; includeInIndex = 0; path = enrollment.app; sourceTree = BUILT_PRODUCTS_DIR; };
		FEE29947230C40ED006DE4D5 /* AppDelegate.swift */ = {isa = PBXFileReference; lastKnownFileType = sourcecode.swift; path = AppDelegate.swift; sourceTree = "<group>"; };
		FEE29949230C40ED006DE4D5 /* ViewController.swift */ = {isa = PBXFileReference; lastKnownFileType = sourcecode.swift; path = ViewController.swift; sourceTree = "<group>"; };
		FEE2994C230C40ED006DE4D5 /* Base */ = {isa = PBXFileReference; lastKnownFileType = file.storyboard; name = Base; path = Base.lproj/Main.storyboard; sourceTree = "<group>"; };
		FEE2994E230C40EE006DE4D5 /* Assets.xcassets */ = {isa = PBXFileReference; lastKnownFileType = folder.assetcatalog; path = Assets.xcassets; sourceTree = "<group>"; };
		FEE29951230C40EE006DE4D5 /* Base */ = {isa = PBXFileReference; lastKnownFileType = file.storyboard; name = Base; path = Base.lproj/LaunchScreen.storyboard; sourceTree = "<group>"; };
		FEE29953230C40EE006DE4D5 /* Info.plist */ = {isa = PBXFileReference; lastKnownFileType = text.plist.xml; path = Info.plist; sourceTree = "<group>"; };
/* End PBXFileReference section */

/* Begin PBXFrameworksBuildPhase section */
		FEE29941230C40ED006DE4D5 /* Frameworks */ = {
			isa = PBXFrameworksBuildPhase;
			buildActionMask = 2147483647;
			files = (
				6A4419D96C355EA746222170 /* Pods_enrollment.framework in Frameworks */,
			);
			runOnlyForDeploymentPostprocessing = 0;
		};
/* End PBXFrameworksBuildPhase section */

/* Begin PBXGroup section */
		90C581E4A2A4274A8E91EB0E /* Frameworks */ = {
			isa = PBXGroup;
			children = (
				384BA022F4E4D58AD82BD802 /* Pods_enrollment.framework */,
			);
			name = Frameworks;
			sourceTree = "<group>";
		};
		F7E0AF83BB335CC185AD4688 /* Pods */ = {
			isa = PBXGroup;
			children = (
				8B46B1EFC298130F84FBBEDE /* Pods-enrollment.debug.xcconfig */,
				6B352043E33F7DC7F5D985B6 /* Pods-enrollment.release.xcconfig */,
			);
			name = Pods;
			path = Pods;
			sourceTree = "<group>";
		};
		FEE2993B230C40ED006DE4D5 = {
			isa = PBXGroup;
			children = (
				FEE29946230C40ED006DE4D5 /* enrollment */,
				FEE29945230C40ED006DE4D5 /* Products */,
				F7E0AF83BB335CC185AD4688 /* Pods */,
				90C581E4A2A4274A8E91EB0E /* Frameworks */,
			);
			sourceTree = "<group>";
		};
		FEE29945230C40ED006DE4D5 /* Products */ = {
			isa = PBXGroup;
			children = (
				FEE29944230C40ED006DE4D5 /* enrollment.app */,
			);
			name = Products;
			sourceTree = "<group>";
		};
		FEE29946230C40ED006DE4D5 /* enrollment */ = {
			isa = PBXGroup;
			children = (
				FEE29947230C40ED006DE4D5 /* AppDelegate.swift */,
				FEE29949230C40ED006DE4D5 /* ViewController.swift */,
				FEE2994B230C40ED006DE4D5 /* Main.storyboard */,
				FEE2994E230C40EE006DE4D5 /* Assets.xcassets */,
				FEE29950230C40EE006DE4D5 /* LaunchScreen.storyboard */,
				FEE29953230C40EE006DE4D5 /* Info.plist */,
			);
			path = enrollment;
			sourceTree = "<group>";
		};
/* End PBXGroup section */

/* Begin PBXNativeTarget section */
		FEE29943230C40ED006DE4D5 /* enrollment */ = {
			isa = PBXNativeTarget;
			buildConfigurationList = FEE29956230C40EE006DE4D5 /* Build configuration list for PBXNativeTarget "enrollment" */;
			buildPhases = (
				3CA2A122F8A88EA316DA97E2 /* [CP] Check Pods Manifest.lock */,
				FEE29940230C40ED006DE4D5 /* Sources */,
				FEE29941230C40ED006DE4D5 /* Frameworks */,
				FEE29942230C40ED006DE4D5 /* Resources */,
				F472BDA42ADCAA4D1C49CABB /* [CP] Embed Pods Frameworks */,
			);
			buildRules = (
			);
			dependencies = (
			);
			name = enrollment;
			productName = enrollment;
			productReference = FEE29944230C40ED006DE4D5 /* enrollment.app */;
			productType = "com.apple.product-type.application";
		};
/* End PBXNativeTarget section */

/* Begin PBXProject section */
		FEE2993C230C40ED006DE4D5 /* Project object */ = {
			isa = PBXProject;
			attributes = {
				LastSwiftUpdateCheck = 1030;
				LastUpgradeCheck = 1030;
				ORGANIZATIONNAME = "Kevin Torres";
				TargetAttributes = {
					FEE29943230C40ED006DE4D5 = {
						CreatedOnToolsVersion = 10.3;
					};
				};
			};
			buildConfigurationList = FEE2993F230C40ED006DE4D5 /* Build configuration list for PBXProject "enrollment" */;
			compatibilityVersion = "Xcode 9.3";
			developmentRegion = en;
			hasScannedForEncodings = 0;
			knownRegions = (
				en,
				Base,
			);
			mainGroup = FEE2993B230C40ED006DE4D5;
			productRefGroup = FEE29945230C40ED006DE4D5 /* Products */;
			projectDirPath = "";
			projectRoot = "";
			targets = (
				FEE29943230C40ED006DE4D5 /* enrollment */,
			);
		};
/* End PBXProject section */

/* Begin PBXResourcesBuildPhase section */
		FEE29942230C40ED006DE4D5 /* Resources */ = {
			isa = PBXResourcesBuildPhase;
			buildActionMask = 2147483647;
			files = (
				FEE29952230C40EE006DE4D5 /* LaunchScreen.storyboard in Resources */,
				FEE2994F230C40EE006DE4D5 /* Assets.xcassets in Resources */,
				FEE2994D230C40ED006DE4D5 /* Main.storyboard in Resources */,
			);
			runOnlyForDeploymentPostprocessing = 0;
		};
/* End PBXResourcesBuildPhase section */

/* Begin PBXShellScriptBuildPhase section */
		3CA2A122F8A88EA316DA97E2 /* [CP] Check Pods Manifest.lock */ = {
			isa = PBXShellScriptBuildPhase;
			buildActionMask = 2147483647;
			files = (
			);
			inputFileListPaths = (
			);
			inputPaths = (
				"${PODS_PODFILE_DIR_PATH}/Podfile.lock",
				"${PODS_ROOT}/Manifest.lock",
			);
			name = "[CP] Check Pods Manifest.lock";
			outputFileListPaths = (
			);
			outputPaths = (
				"$(DERIVED_FILE_DIR)/Pods-enrollment-checkManifestLockResult.txt",
			);
			runOnlyForDeploymentPostprocessing = 0;
			shellPath = /bin/sh;
			shellScript = "diff \"${PODS_PODFILE_DIR_PATH}/Podfile.lock\" \"${PODS_ROOT}/Manifest.lock\" > /dev/null\nif [ $? != 0 ] ; then\n    # print error to STDERR\n    echo \"error: The sandbox is not in sync with the Podfile.lock. Run 'pod install' or update your CocoaPods installation.\" >&2\n    exit 1\nfi\n# This output is used by Xcode 'outputs' to avoid re-running this script phase.\necho \"SUCCESS\" > \"${SCRIPT_OUTPUT_FILE_0}\"\n";
			showEnvVarsInLog = 0;
		};
		F472BDA42ADCAA4D1C49CABB /* [CP] Embed Pods Frameworks */ = {
			isa = PBXShellScriptBuildPhase;
			buildActionMask = 2147483647;
			files = (
			);
			inputFileListPaths = (
				"${PODS_ROOT}/Target Support Files/Pods-enrollment/Pods-enrollment-frameworks-${CONFIGURATION}-input-files.xcfilelist",
			);
			name = "[CP] Embed Pods Frameworks";
			outputFileListPaths = (
				"${PODS_ROOT}/Target Support Files/Pods-enrollment/Pods-enrollment-frameworks-${CONFIGURATION}-output-files.xcfilelist",
			);
			runOnlyForDeploymentPostprocessing = 0;
			shellPath = /bin/sh;
			shellScript = "\"${PODS_ROOT}/Target Support Files/Pods-enrollment/Pods-enrollment-frameworks.sh\"\n";
			showEnvVarsInLog = 0;
		};
/* End PBXShellScriptBuildPhase section */

/* Begin PBXSourcesBuildPhase section */
		FEE29940230C40ED006DE4D5 /* Sources */ = {
			isa = PBXSourcesBuildPhase;
			buildActionMask = 2147483647;
			files = (
				FEE2994A230C40ED006DE4D5 /* ViewController.swift in Sources */,
				FEE29948230C40ED006DE4D5 /* AppDelegate.swift in Sources */,
			);
			runOnlyForDeploymentPostprocessing = 0;
		};
/* End PBXSourcesBuildPhase section */

/* Begin PBXVariantGroup section */
		FEE2994B230C40ED006DE4D5 /* Main.storyboard */ = {
			isa = PBXVariantGroup;
			children = (
				FEE2994C230C40ED006DE4D5 /* Base */,
			);
			name = Main.storyboard;
			sourceTree = "<group>";
		};
		FEE29950230C40EE006DE4D5 /* LaunchScreen.storyboard */ = {
			isa = PBXVariantGroup;
			children = (
				FEE29951230C40EE006DE4D5 /* Base */,
			);
			name = LaunchScreen.storyboard;
			sourceTree = "<group>";
		};
/* End PBXVariantGroup section */

/* Begin XCBuildConfiguration section */
		FEE29954230C40EE006DE4D5 /* Debug */ = {
			isa = XCBuildConfiguration;
			buildSettings = {
				ALWAYS_SEARCH_USER_PATHS = NO;
				CLANG_ANALYZER_NONNULL = YES;
				CLANG_ANALYZER_NUMBER_OBJECT_CONVERSION = YES_AGGRESSIVE;
				CLANG_CXX_LANGUAGE_STANDARD = "gnu++14";
				CLANG_CXX_LIBRARY = "libc++";
				CLANG_ENABLE_MODULES = YES;
				CLANG_ENABLE_OBJC_ARC = YES;
				CLANG_ENABLE_OBJC_WEAK = YES;
				CLANG_WARN_BLOCK_CAPTURE_AUTORELEASING = YES;
				CLANG_WARN_BOOL_CONVERSION = YES;
				CLANG_WARN_COMMA = YES;
				CLANG_WARN_CONSTANT_CONVERSION = YES;
				CLANG_WARN_DEPRECATED_OBJC_IMPLEMENTATIONS = YES;
				CLANG_WARN_DIRECT_OBJC_ISA_USAGE = YES_ERROR;
				CLANG_WARN_DOCUMENTATION_COMMENTS = YES;
				CLANG_WARN_EMPTY_BODY = YES;
				CLANG_WARN_ENUM_CONVERSION = YES;
				CLANG_WARN_INFINITE_RECURSION = YES;
				CLANG_WARN_INT_CONVERSION = YES;
				CLANG_WARN_NON_LITERAL_NULL_CONVERSION = YES;
				CLANG_WARN_OBJC_IMPLICIT_RETAIN_SELF = YES;
				CLANG_WARN_OBJC_LITERAL_CONVERSION = YES;
				CLANG_WARN_OBJC_ROOT_CLASS = YES_ERROR;
				CLANG_WARN_RANGE_LOOP_ANALYSIS = YES;
				CLANG_WARN_STRICT_PROTOTYPES = YES;
				CLANG_WARN_SUSPICIOUS_MOVE = YES;
				CLANG_WARN_UNGUARDED_AVAILABILITY = YES_AGGRESSIVE;
				CLANG_WARN_UNREACHABLE_CODE = YES;
				CLANG_WARN__DUPLICATE_METHOD_MATCH = YES;
				CODE_SIGN_IDENTITY = "iPhone Developer";
				COPY_PHASE_STRIP = NO;
				DEBUG_INFORMATION_FORMAT = dwarf;
				ENABLE_STRICT_OBJC_MSGSEND = YES;
				ENABLE_TESTABILITY = YES;
				GCC_C_LANGUAGE_STANDARD = gnu11;
				GCC_DYNAMIC_NO_PIC = NO;
				GCC_NO_COMMON_BLOCKS = YES;
				GCC_OPTIMIZATION_LEVEL = 0;
				GCC_PREPROCESSOR_DEFINITIONS = (
					"DEBUG=1",
					"$(inherited)",
				);
				GCC_WARN_64_TO_32_BIT_CONVERSION = YES;
				GCC_WARN_ABOUT_RETURN_TYPE = YES_ERROR;
				GCC_WARN_UNDECLARED_SELECTOR = YES;
				GCC_WARN_UNINITIALIZED_AUTOS = YES_AGGRESSIVE;
				GCC_WARN_UNUSED_FUNCTION = YES;
				GCC_WARN_UNUSED_VARIABLE = YES;
				IPHONEOS_DEPLOYMENT_TARGET = 12.4;
				MTL_ENABLE_DEBUG_INFO = INCLUDE_SOURCE;
				MTL_FAST_MATH = YES;
				ONLY_ACTIVE_ARCH = YES;
				SDKROOT = iphoneos;
				SWIFT_ACTIVE_COMPILATION_CONDITIONS = DEBUG;
				SWIFT_OPTIMIZATION_LEVEL = "-Onone";
			};
			name = Debug;
		};
		FEE29955230C40EE006DE4D5 /* Release */ = {
			isa = XCBuildConfiguration;
			buildSettings = {
				ALWAYS_SEARCH_USER_PATHS = NO;
				CLANG_ANALYZER_NONNULL = YES;
				CLANG_ANALYZER_NUMBER_OBJECT_CONVERSION = YES_AGGRESSIVE;
				CLANG_CXX_LANGUAGE_STANDARD = "gnu++14";
				CLANG_CXX_LIBRARY = "libc++";
				CLANG_ENABLE_MODULES = YES;
				CLANG_ENABLE_OBJC_ARC = YES;
				CLANG_ENABLE_OBJC_WEAK = YES;
				CLANG_WARN_BLOCK_CAPTURE_AUTORELEASING = YES;
				CLANG_WARN_BOOL_CONVERSION = YES;
				CLANG_WARN_COMMA = YES;
				CLANG_WARN_CONSTANT_CONVERSION = YES;
				CLANG_WARN_DEPRECATED_OBJC_IMPLEMENTATIONS = YES;
				CLANG_WARN_DIRECT_OBJC_ISA_USAGE = YES_ERROR;
				CLANG_WARN_DOCUMENTATION_COMMENTS = YES;
				CLANG_WARN_EMPTY_BODY = YES;
				CLANG_WARN_ENUM_CONVERSION = YES;
				CLANG_WARN_INFINITE_RECURSION = YES;
				CLANG_WARN_INT_CONVERSION = YES;
				CLANG_WARN_NON_LITERAL_NULL_CONVERSION = YES;
				CLANG_WARN_OBJC_IMPLICIT_RETAIN_SELF = YES;
				CLANG_WARN_OBJC_LITERAL_CONVERSION = YES;
				CLANG_WARN_OBJC_ROOT_CLASS = YES_ERROR;
				CLANG_WARN_RANGE_LOOP_ANALYSIS = YES;
				CLANG_WARN_STRICT_PROTOTYPES = YES;
				CLANG_WARN_SUSPICIOUS_MOVE = YES;
				CLANG_WARN_UNGUARDED_AVAILABILITY = YES_AGGRESSIVE;
				CLANG_WARN_UNREACHABLE_CODE = YES;
				CLANG_WARN__DUPLICATE_METHOD_MATCH = YES;
				CODE_SIGN_IDENTITY = "iPhone Developer";
				COPY_PHASE_STRIP = NO;
				DEBUG_INFORMATION_FORMAT = "dwarf-with-dsym";
				ENABLE_NS_ASSERTIONS = NO;
				ENABLE_STRICT_OBJC_MSGSEND = YES;
				GCC_C_LANGUAGE_STANDARD = gnu11;
				GCC_NO_COMMON_BLOCKS = YES;
				GCC_WARN_64_TO_32_BIT_CONVERSION = YES;
				GCC_WARN_ABOUT_RETURN_TYPE = YES_ERROR;
				GCC_WARN_UNDECLARED_SELECTOR = YES;
				GCC_WARN_UNINITIALIZED_AUTOS = YES_AGGRESSIVE;
				GCC_WARN_UNUSED_FUNCTION = YES;
				GCC_WARN_UNUSED_VARIABLE = YES;
				IPHONEOS_DEPLOYMENT_TARGET = 12.4;
				MTL_ENABLE_DEBUG_INFO = NO;
				MTL_FAST_MATH = YES;
				SDKROOT = iphoneos;
				SWIFT_COMPILATION_MODE = wholemodule;
				SWIFT_OPTIMIZATION_LEVEL = "-O";
				VALIDATE_PRODUCT = YES;
			};
			name = Release;
		};
		FEE29957230C40EE006DE4D5 /* Debug */ = {
			isa = XCBuildConfiguration;
			baseConfigurationReference = 8B46B1EFC298130F84FBBEDE /* Pods-enrollment.debug.xcconfig */;
			buildSettings = {
				ASSETCATALOG_COMPILER_APPICON_NAME = AppIcon;
				CODE_SIGN_STYLE = Automatic;
				DEVELOPMENT_TEAM = P896AB2AMC;
				INFOPLIST_FILE = enrollment/Info.plist;
				LD_RUNPATH_SEARCH_PATHS = (
					"$(inherited)",
					"@executable_path/Frameworks",
				);
				PRODUCT_BUNDLE_IDENTIFIER = com.trust.enrollment;
				PRODUCT_NAME = "$(TARGET_NAME)";
				SWIFT_VERSION = 5.0;
				TARGETED_DEVICE_FAMILY = "1,2";
			};
			name = Debug;
		};
		FEE29958230C40EE006DE4D5 /* Release */ = {
			isa = XCBuildConfiguration;
			baseConfigurationReference = 6B352043E33F7DC7F5D985B6 /* Pods-enrollment.release.xcconfig */;
			buildSettings = {
				ASSETCATALOG_COMPILER_APPICON_NAME = AppIcon;
				CODE_SIGN_STYLE = Automatic;
				DEVELOPMENT_TEAM = P896AB2AMC;
				INFOPLIST_FILE = enrollment/Info.plist;
				LD_RUNPATH_SEARCH_PATHS = (
					"$(inherited)",
					"@executable_path/Frameworks",
				);
				PRODUCT_BUNDLE_IDENTIFIER = com.trust.enrollment;
				PRODUCT_NAME = "$(TARGET_NAME)";
				SWIFT_VERSION = 5.0;
				TARGETED_DEVICE_FAMILY = "1,2";
			};
			name = Release;
		};
/* End XCBuildConfiguration section */

/* Begin XCConfigurationList section */
		FEE2993F230C40ED006DE4D5 /* Build configuration list for PBXProject "enrollment" */ = {
			isa = XCConfigurationList;
			buildConfigurations = (
				FEE29954230C40EE006DE4D5 /* Debug */,
				FEE29955230C40EE006DE4D5 /* Release */,
			);
			defaultConfigurationIsVisible = 0;
			defaultConfigurationName = Release;
		};
		FEE29956230C40EE006DE4D5 /* Build configuration list for PBXNativeTarget "enrollment" */ = {
			isa = XCConfigurationList;
			buildConfigurations = (
				FEE29957230C40EE006DE4D5 /* Debug */,
				FEE29958230C40EE006DE4D5 /* Release */,
			);
			defaultConfigurationIsVisible = 0;
			defaultConfigurationName = Release;
		};
/* End XCConfigurationList section */
	};
	rootObject = FEE2993C230C40ED006DE4D5 /* Project object */;
}
