PODS:
  - Alamofire (4.8.2)
  - AlamofireObjectMapper (5.2.1):
    - Alamofire (~> 4.7)
    - ObjectMapper (~> 3.4)
  - Audit (0.3.0):
    - Alamofire (~> 4.8.2)
    - AlamofireObjectMapper
    - RealmSwift
  - DeviceKit (3.0.0)
  - Firebase/Core (6.15.0):
    - Firebase/CoreOnly
    - FirebaseAnalytics (= 6.2.1)
  - Firebase/CoreOnly (6.15.0):
    - FirebaseCore (= 6.6.0)
  - Firebase/Messaging (6.15.0):
    - Firebase/CoreOnly
    - FirebaseMessaging (~> 4.2.0)
  - FirebaseAnalytics (6.2.1):
    - FirebaseCore (~> 6.6)
    - FirebaseInstanceID (~> 4.3)
    - GoogleAppMeasurement (= 6.2.1)
    - GoogleUtilities/AppDelegateSwizzler (~> 6.0)
    - GoogleUtilities/MethodSwizzler (~> 6.0)
    - GoogleUtilities/Network (~> 6.0)
    - "GoogleUtilities/NSData+zlib (~> 6.0)"
    - nanopb (= 0.3.9011)
  - FirebaseAnalyticsInterop (1.5.0)
  - FirebaseCore (6.6.0):
    - FirebaseCoreDiagnostics (~> 1.2)
    - FirebaseCoreDiagnosticsInterop (~> 1.2)
    - GoogleUtilities/Environment (~> 6.5)
    - GoogleUtilities/Logger (~> 6.5)
  - FirebaseCoreDiagnostics (1.2.0):
    - FirebaseCoreDiagnosticsInterop (~> 1.2)
    - GoogleDataTransportCCTSupport (~> 1.3)
    - GoogleUtilities/Environment (~> 6.5)
    - GoogleUtilities/Logger (~> 6.5)
    - nanopb (~> 0.3.901)
  - FirebaseCoreDiagnosticsInterop (1.2.0)
  - FirebaseInstallations (1.1.0):
    - FirebaseCore (~> 6.6)
    - GoogleUtilities/UserDefaults (~> 6.5)
    - PromisesObjC (~> 1.2)
  - FirebaseInstanceID (4.3.0):
    - FirebaseCore (~> 6.6)
    - FirebaseInstallations (~> 1.0)
    - GoogleUtilities/Environment (~> 6.5)
    - GoogleUtilities/UserDefaults (~> 6.5)
  - FirebaseMessaging (4.2.0):
    - FirebaseAnalyticsInterop (~> 1.5)
    - FirebaseCore (~> 6.6)
    - FirebaseInstanceID (~> 4.3)
    - GoogleUtilities/AppDelegateSwizzler (~> 6.5)
    - GoogleUtilities/Environment (~> 6.5)
    - GoogleUtilities/Reachability (~> 6.5)
    - GoogleUtilities/UserDefaults (~> 6.5)
    - Protobuf (>= 3.9.2, ~> 3.9)
  - GoogleAppMeasurement (6.2.1):
    - GoogleUtilities/AppDelegateSwizzler (~> 6.0)
    - GoogleUtilities/MethodSwizzler (~> 6.0)
    - GoogleUtilities/Network (~> 6.0)
    - "GoogleUtilities/NSData+zlib (~> 6.0)"
    - nanopb (= 0.3.9011)
  - GoogleDataTransport (3.3.0)
  - GoogleDataTransportCCTSupport (1.3.0):
    - GoogleDataTransport (~> 3.3)
    - nanopb (~> 0.3.901)
  - GoogleUtilities/AppDelegateSwizzler (6.5.0):
    - GoogleUtilities/Environment
    - GoogleUtilities/Logger
    - GoogleUtilities/Network
  - GoogleUtilities/Environment (6.5.0)
  - GoogleUtilities/Logger (6.5.0):
    - GoogleUtilities/Environment
  - GoogleUtilities/MethodSwizzler (6.5.0):
    - GoogleUtilities/Logger
  - GoogleUtilities/Network (6.5.0):
    - GoogleUtilities/Logger
    - "GoogleUtilities/NSData+zlib"
    - GoogleUtilities/Reachability
  - "GoogleUtilities/NSData+zlib (6.5.0)"
  - GoogleUtilities/Reachability (6.5.0):
    - GoogleUtilities/Logger
  - GoogleUtilities/UserDefaults (6.5.0):
    - GoogleUtilities/Logger
  - IQKeyboardManagerSwift (6.5.5)
  - lottie-ios (3.1.5)
  - MaterialComponents (96.0.0):
    - MaterialComponents/ActionSheet (= 96.0.0)
    - "MaterialComponents/ActionSheet+Theming (= 96.0.0)"
    - MaterialComponents/ActivityIndicator (= 96.0.0)
    - MaterialComponents/AnimationTiming (= 96.0.0)
    - MaterialComponents/AppBar (= 96.0.0)
    - "MaterialComponents/AppBar+ColorThemer (= 96.0.0)"
    - "MaterialComponents/AppBar+Theming (= 96.0.0)"
    - "MaterialComponents/AppBar+TypographyThemer (= 96.0.0)"
    - MaterialComponents/Banner (= 96.0.0)
    - "MaterialComponents/Banner+Theming (= 96.0.0)"
    - MaterialComponents/BottomAppBar (= 96.0.0)
    - MaterialComponents/BottomNavigation (= 96.0.0)
    - "MaterialComponents/BottomNavigation+ColorThemer (= 96.0.0)"
    - "MaterialComponents/BottomNavigation+Theming (= 96.0.0)"
    - "MaterialComponents/BottomNavigation+TypographyThemer (= 96.0.0)"
    - MaterialComponents/BottomSheet (= 96.0.0)
    - "MaterialComponents/BottomSheet+ShapeThemer (= 96.0.0)"
    - MaterialComponents/ButtonBar (= 96.0.0)
    - "MaterialComponents/ButtonBar+ColorThemer (= 96.0.0)"
    - MaterialComponents/Buttons (= 96.0.0)
    - "MaterialComponents/Buttons+ButtonThemer (= 96.0.0)"
    - "MaterialComponents/Buttons+ColorThemer (= 96.0.0)"
    - "MaterialComponents/Buttons+ShapeThemer (= 96.0.0)"
    - "MaterialComponents/Buttons+Theming (= 96.0.0)"
    - "MaterialComponents/Buttons+TitleColorAccessibilityMutator (= 96.0.0)"
    - "MaterialComponents/Buttons+TypographyThemer (= 96.0.0)"
    - MaterialComponents/Cards (= 96.0.0)
    - "MaterialComponents/Cards+CardThemer (= 96.0.0)"
    - "MaterialComponents/Cards+ColorThemer (= 96.0.0)"
    - "MaterialComponents/Cards+ShapeThemer (= 96.0.0)"
    - "MaterialComponents/Cards+Theming (= 96.0.0)"
    - MaterialComponents/Chips (= 96.0.0)
    - "MaterialComponents/Chips+Theming (= 96.0.0)"
    - MaterialComponents/CollectionCells (= 96.0.0)
    - MaterialComponents/CollectionLayoutAttributes (= 96.0.0)
    - MaterialComponents/Collections (= 96.0.0)
    - MaterialComponents/Dialogs (= 96.0.0)
    - "MaterialComponents/Dialogs+ColorThemer (= 96.0.0)"
    - "MaterialComponents/Dialogs+DialogThemer (= 96.0.0)"
    - "MaterialComponents/Dialogs+Theming (= 96.0.0)"
    - "MaterialComponents/Dialogs+TypographyThemer (= 96.0.0)"
    - MaterialComponents/Elevation (= 96.0.0)
    - MaterialComponents/FeatureHighlight (= 96.0.0)
    - "MaterialComponents/FeatureHighlight+ColorThemer (= 96.0.0)"
    - "MaterialComponents/FeatureHighlight+FeatureHighlightAccessibilityMutator (= 96.0.0)"
    - "MaterialComponents/FeatureHighlight+FontThemer (= 96.0.0)"
    - "MaterialComponents/FeatureHighlight+TypographyThemer (= 96.0.0)"
    - MaterialComponents/FlexibleHeader (= 96.0.0)
    - "MaterialComponents/FlexibleHeader+CanAlwaysExpandToMaximumHeight (= 96.0.0)"
    - "MaterialComponents/FlexibleHeader+ColorThemer (= 96.0.0)"
    - MaterialComponents/HeaderStackView (= 96.0.0)
    - "MaterialComponents/HeaderStackView+ColorThemer (= 96.0.0)"
    - MaterialComponents/Ink (= 96.0.0)
    - "MaterialComponents/Ink+ColorThemer (= 96.0.0)"
    - MaterialComponents/LibraryInfo (= 96.0.0)
    - MaterialComponents/List (= 96.0.0)
    - "MaterialComponents/List+ColorThemer (= 96.0.0)"
    - "MaterialComponents/List+ListThemer (= 96.0.0)"
    - "MaterialComponents/List+Theming (= 96.0.0)"
    - "MaterialComponents/List+TypographyThemer (= 96.0.0)"
    - MaterialComponents/NavigationBar (= 96.0.0)
    - "MaterialComponents/NavigationBar+ColorThemer (= 96.0.0)"
    - "MaterialComponents/NavigationBar+TypographyThemer (= 96.0.0)"
    - MaterialComponents/NavigationDrawer (= 96.0.0)
    - "MaterialComponents/NavigationDrawer+ColorThemer (= 96.0.0)"
    - MaterialComponents/OverlayWindow (= 96.0.0)
    - MaterialComponents/PageControl (= 96.0.0)
    - "MaterialComponents/PageControl+ColorThemer (= 96.0.0)"
    - MaterialComponents/Palettes (= 96.0.0)
    - MaterialComponents/private (= 96.0.0)
    - MaterialComponents/ProgressView (= 96.0.0)
    - "MaterialComponents/ProgressView+ColorThemer (= 96.0.0)"
    - "MaterialComponents/ProgressView+Theming (= 96.0.0)"
    - MaterialComponents/Ripple (= 96.0.0)
    - MaterialComponents/schemes (= 96.0.0)
    - MaterialComponents/ShadowElevations (= 96.0.0)
    - MaterialComponents/ShadowLayer (= 96.0.0)
    - MaterialComponents/ShapeLibrary (= 96.0.0)
    - MaterialComponents/Shapes (= 96.0.0)
    - MaterialComponents/Slider (= 96.0.0)
    - "MaterialComponents/Slider+ColorThemer (= 96.0.0)"
    - MaterialComponents/Snackbar (= 96.0.0)
    - "MaterialComponents/Snackbar+ColorThemer (= 96.0.0)"
    - "MaterialComponents/Snackbar+FontThemer (= 96.0.0)"
    - "MaterialComponents/Snackbar+TypographyThemer (= 96.0.0)"
    - MaterialComponents/Tabs (= 96.0.0)
    - "MaterialComponents/Tabs+ColorThemer (= 96.0.0)"
    - "MaterialComponents/Tabs+FontThemer (= 96.0.0)"
    - "MaterialComponents/Tabs+Theming (= 96.0.0)"
    - "MaterialComponents/Tabs+TypographyThemer (= 96.0.0)"
    - MaterialComponents/TextControls (= 96.0.0)
    - "MaterialComponents/TextControls+Theming (= 96.0.0)"
    - MaterialComponents/TextFields (= 96.0.0)
    - "MaterialComponents/TextFields+ColorThemer (= 96.0.0)"
    - "MaterialComponents/TextFields+FontThemer (= 96.0.0)"
    - "MaterialComponents/TextFields+Theming (= 96.0.0)"
    - "MaterialComponents/TextFields+TypographyThemer (= 96.0.0)"
    - MaterialComponents/Themes (= 96.0.0)
    - MaterialComponents/Typography (= 96.0.0)
  - MaterialComponents/ActionSheet (96.0.0):
    - MaterialComponents/BottomSheet
    - MaterialComponents/Elevation
    - MaterialComponents/Ink
    - MaterialComponents/private/Math
    - MaterialComponents/Ripple
    - MaterialComponents/ShadowElevations
    - MaterialComponents/Typography
  - "MaterialComponents/ActionSheet+Theming (96.0.0)":
    - MaterialComponents/ActionSheet
    - MaterialComponents/Elevation
    - MaterialComponents/private/Color
    - MaterialComponents/schemes/Container
    - MaterialComponents/ShadowElevations
  - MaterialComponents/ActivityIndicator (96.0.0):
    - MaterialComponents/Palettes
    - MaterialComponents/private/Application
    - MDFInternationalization
    - MotionAnimator (~> 2.0)
  - MaterialComponents/AnimationTiming (96.0.0)
  - MaterialComponents/AppBar (96.0.0):
    - MaterialComponents/FlexibleHeader
    - MaterialComponents/HeaderStackView
    - MaterialComponents/NavigationBar
    - MaterialComponents/private/Application
    - MaterialComponents/private/Icons/ic_arrow_back
    - MaterialComponents/private/UIMetrics
    - MaterialComponents/ShadowElevations
    - MaterialComponents/ShadowLayer
    - MaterialComponents/Typography
    - MDFInternationalization
  - "MaterialComponents/AppBar+ColorThemer (96.0.0)":
    - MaterialComponents/AppBar
    - "MaterialComponents/FlexibleHeader+ColorThemer"
    - "MaterialComponents/NavigationBar+ColorThemer"
    - MaterialComponents/Themes
  - "MaterialComponents/AppBar+Theming (96.0.0)":
    - MaterialComponents/AppBar
    - MaterialComponents/schemes/Container
  - "MaterialComponents/AppBar+TypographyThemer (96.0.0)":
    - MaterialComponents/AppBar
    - "MaterialComponents/NavigationBar+TypographyThemer"
  - MaterialComponents/Banner (96.0.0):
    - MaterialComponents/Buttons
    - MaterialComponents/Elevation
    - MaterialComponents/Typography
  - "MaterialComponents/Banner+Theming (96.0.0)":
    - MaterialComponents/Banner
    - MaterialComponents/Buttons
    - "MaterialComponents/Buttons+Theming"
    - MaterialComponents/Elevation
    - MaterialComponents/schemes/Container
    - MaterialComponents/Typography
  - MaterialComponents/BottomAppBar (96.0.0):
    - MaterialComponents/Buttons
    - MaterialComponents/NavigationBar
    - MaterialComponents/private/Math
    - MDFInternationalization
  - MaterialComponents/BottomNavigation (96.0.0):
    - MaterialComponents/Elevation
    - MaterialComponents/Ink
    - MaterialComponents/Palettes
    - MaterialComponents/private/Math
    - MaterialComponents/Ripple
    - MaterialComponents/ShadowElevations
    - MaterialComponents/ShadowLayer
    - MaterialComponents/Typography
    - MDFInternationalization
  - "MaterialComponents/BottomNavigation+ColorThemer (96.0.0)":
    - MaterialComponents/BottomNavigation
    - MaterialComponents/schemes/Color
  - "MaterialComponents/BottomNavigation+Theming (96.0.0)":
    - MaterialComponents/BottomNavigation
    - MaterialComponents/schemes/Color
    - MaterialComponents/schemes/Container
    - MaterialComponents/schemes/Typography
    - MaterialComponents/ShadowElevations
  - "MaterialComponents/BottomNavigation+TypographyThemer (96.0.0)":
    - MaterialComponents/BottomNavigation
    - MaterialComponents/schemes/Typography
  - MaterialComponents/BottomSheet (96.0.0):
    - MaterialComponents/Elevation
    - MaterialComponents/private/KeyboardWatcher
    - MaterialComponents/private/Math
    - MaterialComponents/ShadowElevations
    - MaterialComponents/ShadowLayer
    - MaterialComponents/ShapeLibrary
    - MaterialComponents/Shapes
  - "MaterialComponents/BottomSheet+ShapeThemer (96.0.0)":
    - MaterialComponents/BottomSheet
    - MaterialComponents/schemes/Shape
  - MaterialComponents/ButtonBar (96.0.0):
    - MaterialComponents/Buttons
    - MaterialComponents/private/Application
    - MDFInternationalization
  - "MaterialComponents/ButtonBar+ColorThemer (96.0.0)":
    - MaterialComponents/ButtonBar
    - MaterialComponents/Themes
  - MaterialComponents/Buttons (96.0.0):
    - MaterialComponents/Elevation
    - MaterialComponents/Ink
    - MaterialComponents/private/Math
    - MaterialComponents/Ripple
    - MaterialComponents/ShadowElevations
    - MaterialComponents/ShadowLayer
    - MaterialComponents/Shapes
    - MaterialComponents/Typography
    - MDFInternationalization
    - MDFTextAccessibility
  - "MaterialComponents/Buttons+ButtonThemer (96.0.0)":
    - MaterialComponents/Buttons
    - "MaterialComponents/Buttons+ColorThemer"
    - "MaterialComponents/Buttons+ShapeThemer"
    - "MaterialComponents/Buttons+TypographyThemer"
    - MaterialComponents/Palettes
  - "MaterialComponents/Buttons+ColorThemer (96.0.0)":
    - MaterialComponents/Buttons
    - MaterialComponents/schemes/Color
  - "MaterialComponents/Buttons+ShapeThemer (96.0.0)":
    - MaterialComponents/Buttons
    - MaterialComponents/schemes/Shape
  - "MaterialComponents/Buttons+Theming (96.0.0)":
    - MaterialComponents/Buttons
    - "MaterialComponents/Buttons+ColorThemer"
    - "MaterialComponents/Buttons+ShapeThemer"
    - "MaterialComponents/Buttons+TypographyThemer"
    - MaterialComponents/schemes/Container
    - MaterialComponents/ShadowElevations
  - "MaterialComponents/Buttons+TitleColorAccessibilityMutator (96.0.0)":
    - MaterialComponents/Buttons
    - MDFTextAccessibility
  - "MaterialComponents/Buttons+TypographyThemer (96.0.0)":
    - MaterialComponents/Buttons
    - MaterialComponents/schemes/Typography
  - MaterialComponents/Cards (96.0.0):
    - MaterialComponents/Elevation
    - MaterialComponents/Ink
    - MaterialComponents/private/Icons/ic_check_circle
    - MaterialComponents/private/Math
    - MaterialComponents/Ripple
    - MaterialComponents/ShadowLayer
    - MaterialComponents/Shapes
  - "MaterialComponents/Cards+CardThemer (96.0.0)":
    - MaterialComponents/Cards
    - "MaterialComponents/Cards+ColorThemer"
    - "MaterialComponents/Cards+ShapeThemer"
  - "MaterialComponents/Cards+ColorThemer (96.0.0)":
    - MaterialComponents/Cards
    - MaterialComponents/schemes/Color
  - "MaterialComponents/Cards+ShapeThemer (96.0.0)":
    - MaterialComponents/Cards
    - MaterialComponents/schemes/Shape
  - "MaterialComponents/Cards+Theming (96.0.0)":
    - MaterialComponents/Cards
    - MaterialComponents/schemes/Container
  - MaterialComponents/Chips (96.0.0):
    - MaterialComponents/Elevation
    - MaterialComponents/Ink
    - MaterialComponents/private/Math
    - MaterialComponents/Ripple
    - MaterialComponents/ShadowElevations
    - MaterialComponents/ShadowLayer
    - MaterialComponents/ShapeLibrary
    - MaterialComponents/Shapes
    - MaterialComponents/TextFields
    - MaterialComponents/Typography
    - MDFInternationalization
  - "MaterialComponents/Chips+Theming (96.0.0)":
    - MaterialComponents/Chips
    - MaterialComponents/schemes/Container
    - MaterialComponents/Typography
  - MaterialComponents/CollectionCells (96.0.0):
    - MaterialComponents/CollectionLayoutAttributes
    - MaterialComponents/Ink
    - MaterialComponents/Palettes
    - MaterialComponents/private/Icons/ic_check
    - MaterialComponents/private/Icons/ic_check_circle
    - MaterialComponents/private/Icons/ic_chevron_right
    - MaterialComponents/private/Icons/ic_info
    - MaterialComponents/private/Icons/ic_radio_button_unchecked
    - MaterialComponents/private/Icons/ic_reorder
    - MaterialComponents/private/Math
    - MaterialComponents/Typography
    - MDFInternationalization
  - MaterialComponents/CollectionLayoutAttributes (96.0.0)
  - MaterialComponents/Collections (96.0.0):
    - MaterialComponents/CollectionCells
    - MaterialComponents/CollectionLayoutAttributes
    - MaterialComponents/Ink
    - MaterialComponents/Palettes
    - MaterialComponents/ShadowElevations
    - MaterialComponents/ShadowLayer
    - MaterialComponents/Typography
  - MaterialComponents/Dialogs (96.0.0):
    - MaterialComponents/Buttons
    - MaterialComponents/Elevation
    - MaterialComponents/private/KeyboardWatcher
    - MaterialComponents/private/Math
    - MaterialComponents/ShadowElevations
    - MaterialComponents/ShadowLayer
    - MaterialComponents/Typography
    - MDFInternationalization
  - "MaterialComponents/Dialogs+ColorThemer (96.0.0)":
    - "MaterialComponents/Buttons+ColorThemer"
    - MaterialComponents/Dialogs
    - MaterialComponents/Themes
  - "MaterialComponents/Dialogs+DialogThemer (96.0.0)":
    - "MaterialComponents/Buttons+ButtonThemer"
    - MaterialComponents/Dialogs
    - "MaterialComponents/Dialogs+ColorThemer"
    - "MaterialComponents/Dialogs+TypographyThemer"
  - "MaterialComponents/Dialogs+Theming (96.0.0)":
    - "MaterialComponents/Buttons+Theming"
    - MaterialComponents/Dialogs
    - "MaterialComponents/Dialogs+ColorThemer"
    - "MaterialComponents/Dialogs+TypographyThemer"
    - MaterialComponents/schemes/Container
    - MaterialComponents/ShadowElevations
  - "MaterialComponents/Dialogs+TypographyThemer (96.0.0)":
    - "MaterialComponents/Buttons+TypographyThemer"
    - MaterialComponents/Dialogs
    - MaterialComponents/schemes/Typography
  - MaterialComponents/Elevation (96.0.0):
    - MaterialComponents/private/Color
    - MaterialComponents/private/Math
  - MaterialComponents/FeatureHighlight (96.0.0):
    - MaterialComponents/private/Math
    - MaterialComponents/Typography
    - MDFTextAccessibility
  - "MaterialComponents/FeatureHighlight+ColorThemer (96.0.0)":
    - MaterialComponents/FeatureHighlight
    - MaterialComponents/Themes
  - "MaterialComponents/FeatureHighlight+FeatureHighlightAccessibilityMutator (96.0.0)":
    - MaterialComponents/FeatureHighlight
    - MDFTextAccessibility
  - "MaterialComponents/FeatureHighlight+FontThemer (96.0.0)":
    - MaterialComponents/FeatureHighlight
    - MaterialComponents/Themes
  - "MaterialComponents/FeatureHighlight+TypographyThemer (96.0.0)":
    - MaterialComponents/FeatureHighlight
    - MaterialComponents/schemes/Typography
  - MaterialComponents/FlexibleHeader (96.0.0):
    - MaterialComponents/Elevation
    - MaterialComponents/private/Application
    - MaterialComponents/private/Math
    - MaterialComponents/private/UIMetrics
    - MaterialComponents/ShadowElevations
    - MaterialComponents/ShadowLayer
    - MDFTextAccessibility
  - "MaterialComponents/FlexibleHeader+CanAlwaysExpandToMaximumHeight (96.0.0)":
    - MaterialComponents/FlexibleHeader
  - "MaterialComponents/FlexibleHeader+ColorThemer (96.0.0)":
    - MaterialComponents/FlexibleHeader
    - MaterialComponents/schemes/Color
  - MaterialComponents/HeaderStackView (96.0.0)
  - "MaterialComponents/HeaderStackView+ColorThemer (96.0.0)":
    - MaterialComponents/HeaderStackView
    - MaterialComponents/Themes
  - MaterialComponents/Ink (96.0.0):
    - MaterialComponents/private/Color
    - MaterialComponents/private/Math
  - "MaterialComponents/Ink+ColorThemer (96.0.0)":
    - MaterialComponents/Ink
    - MaterialComponents/Themes
  - MaterialComponents/LibraryInfo (96.0.0)
  - MaterialComponents/List (96.0.0):
    - MaterialComponents/Elevation
    - MaterialComponents/Ink
    - MaterialComponents/private/Math
    - MaterialComponents/Ripple
    - MaterialComponents/ShadowElevations
    - MaterialComponents/ShadowLayer
    - MaterialComponents/Typography
    - MDFInternationalization
  - "MaterialComponents/List+ColorThemer (96.0.0)":
    - MaterialComponents/List
    - MaterialComponents/schemes/Color
  - "MaterialComponents/List+ListThemer (96.0.0)":
    - MaterialComponents/List
    - "MaterialComponents/List+ColorThemer"
    - "MaterialComponents/List+TypographyThemer"
  - "MaterialComponents/List+Theming (96.0.0)":
    - MaterialComponents/List
    - "MaterialComponents/List+ColorThemer"
    - "MaterialComponents/List+TypographyThemer"
    - MaterialComponents/schemes/Container
  - "MaterialComponents/List+TypographyThemer (96.0.0)":
    - MaterialComponents/List
    - MaterialComponents/schemes/Typography
  - MaterialComponents/NavigationBar (96.0.0):
    - MaterialComponents/ButtonBar
    - MaterialComponents/Elevation
    - MaterialComponents/private/Math
    - MaterialComponents/Typography
    - MDFInternationalization
    - MDFTextAccessibility
  - "MaterialComponents/NavigationBar+ColorThemer (96.0.0)":
    - MaterialComponents/NavigationBar
    - MaterialComponents/schemes/Color
  - "MaterialComponents/NavigationBar+TypographyThemer (96.0.0)":
    - MaterialComponents/NavigationBar
    - MaterialComponents/schemes/Typography
  - MaterialComponents/NavigationDrawer (96.0.0):
    - MaterialComponents/Elevation
    - MaterialComponents/Palettes
    - MaterialComponents/private/Math
    - MaterialComponents/private/UIMetrics
    - MaterialComponents/ShadowLayer
  - "MaterialComponents/NavigationDrawer+ColorThemer (96.0.0)":
    - MaterialComponents/NavigationDrawer
    - MaterialComponents/schemes/Color
  - MaterialComponents/OverlayWindow (96.0.0):
    - MaterialComponents/private/Application
  - MaterialComponents/PageControl (96.0.0):
    - MDFInternationalization
  - "MaterialComponents/PageControl+ColorThemer (96.0.0)":
    - MaterialComponents/PageControl
    - MaterialComponents/Themes
  - MaterialComponents/Palettes (96.0.0)
  - MaterialComponents/private (96.0.0):
    - MaterialComponents/private/Application (= 96.0.0)
    - MaterialComponents/private/Color (= 96.0.0)
    - MaterialComponents/private/Icons (= 96.0.0)
    - MaterialComponents/private/KeyboardWatcher (= 96.0.0)
    - MaterialComponents/private/Math (= 96.0.0)
    - MaterialComponents/private/Overlay (= 96.0.0)
    - MaterialComponents/private/ThumbTrack (= 96.0.0)
    - MaterialComponents/private/UIMetrics (= 96.0.0)
  - MaterialComponents/private/Application (96.0.0)
  - MaterialComponents/private/Color (96.0.0)
  - MaterialComponents/private/Icons (96.0.0):
    - MaterialComponents/private/Icons/Base (= 96.0.0)
    - MaterialComponents/private/Icons/ic_arrow_back (= 96.0.0)
    - MaterialComponents/private/Icons/ic_check (= 96.0.0)
    - MaterialComponents/private/Icons/ic_check_circle (= 96.0.0)
    - MaterialComponents/private/Icons/ic_chevron_right (= 96.0.0)
    - MaterialComponents/private/Icons/ic_color_lens (= 96.0.0)
    - MaterialComponents/private/Icons/ic_help_outline (= 96.0.0)
    - MaterialComponents/private/Icons/ic_info (= 96.0.0)
    - MaterialComponents/private/Icons/ic_more_horiz (= 96.0.0)
    - MaterialComponents/private/Icons/ic_radio_button_unchecked (= 96.0.0)
    - MaterialComponents/private/Icons/ic_reorder (= 96.0.0)
    - MaterialComponents/private/Icons/ic_settings (= 96.0.0)
  - MaterialComponents/private/Icons/Base (96.0.0)
  - MaterialComponents/private/Icons/ic_arrow_back (96.0.0):
    - MaterialComponents/private/Icons/Base
  - MaterialComponents/private/Icons/ic_check (96.0.0):
    - MaterialComponents/private/Icons/Base
  - MaterialComponents/private/Icons/ic_check_circle (96.0.0):
    - MaterialComponents/private/Icons/Base
  - MaterialComponents/private/Icons/ic_chevron_right (96.0.0):
    - MaterialComponents/private/Icons/Base
  - MaterialComponents/private/Icons/ic_color_lens (96.0.0):
    - MaterialComponents/private/Icons/Base
  - MaterialComponents/private/Icons/ic_help_outline (96.0.0):
    - MaterialComponents/private/Icons/Base
  - MaterialComponents/private/Icons/ic_info (96.0.0):
    - MaterialComponents/private/Icons/Base
  - MaterialComponents/private/Icons/ic_more_horiz (96.0.0):
    - MaterialComponents/private/Icons/Base
  - MaterialComponents/private/Icons/ic_radio_button_unchecked (96.0.0):
    - MaterialComponents/private/Icons/Base
  - MaterialComponents/private/Icons/ic_reorder (96.0.0):
    - MaterialComponents/private/Icons/Base
  - MaterialComponents/private/Icons/ic_settings (96.0.0):
    - MaterialComponents/private/Icons/Base
  - MaterialComponents/private/KeyboardWatcher (96.0.0):
    - MaterialComponents/private/Application
  - MaterialComponents/private/Math (96.0.0)
  - MaterialComponents/private/Overlay (96.0.0)
  - MaterialComponents/private/ThumbTrack (96.0.0):
    - MaterialComponents/Ink
    - MaterialComponents/private/Math
    - MaterialComponents/Ripple
    - MaterialComponents/ShadowElevations
    - MaterialComponents/ShadowLayer
    - MaterialComponents/Typography
    - MDFInternationalization
  - MaterialComponents/private/UIMetrics (96.0.0):
    - MaterialComponents/private/Application
  - MaterialComponents/ProgressView (96.0.0):
    - MaterialComponents/Palettes
    - MaterialComponents/private/Math
    - MDFInternationalization
    - MotionAnimator (~> 2.1)
  - "MaterialComponents/ProgressView+ColorThemer (96.0.0)":
    - MaterialComponents/ProgressView
    - MaterialComponents/Themes
  - "MaterialComponents/ProgressView+Theming (96.0.0)":
    - MaterialComponents/ProgressView
    - MaterialComponents/schemes/Container
  - MaterialComponents/Ripple (96.0.0):
    - MaterialComponents/AnimationTiming
    - MaterialComponents/private/Color
    - MaterialComponents/private/Math
  - MaterialComponents/schemes (96.0.0):
    - MaterialComponents/schemes/Color (= 96.0.0)
    - MaterialComponents/schemes/Container (= 96.0.0)
    - MaterialComponents/schemes/Shape (= 96.0.0)
    - MaterialComponents/schemes/Typography (= 96.0.0)
    - "MaterialComponents/schemes/Typography+BasicFontScheme (= 96.0.0)"
    - "MaterialComponents/schemes/Typography+Scheming (= 96.0.0)"
  - MaterialComponents/schemes/Color (96.0.0):
    - MaterialComponents/private/Color
  - MaterialComponents/schemes/Container (96.0.0):
    - MaterialComponents/schemes/Color
    - MaterialComponents/schemes/Shape
    - MaterialComponents/schemes/Typography
  - MaterialComponents/schemes/Shape (96.0.0):
    - MaterialComponents/ShapeLibrary
    - MaterialComponents/Shapes
  - MaterialComponents/schemes/Typography (96.0.0):
    - "MaterialComponents/schemes/Typography+BasicFontScheme"
    - "MaterialComponents/schemes/Typography+Scheming"
    - MaterialComponents/Typography
  - "MaterialComponents/schemes/Typography+BasicFontScheme (96.0.0)"
  - "MaterialComponents/schemes/Typography+Scheming (96.0.0)"
  - MaterialComponents/ShadowElevations (96.0.0)
  - MaterialComponents/ShadowLayer (96.0.0):
    - MaterialComponents/ShadowElevations
  - MaterialComponents/ShapeLibrary (96.0.0):
    - MaterialComponents/private/Math
    - MaterialComponents/Shapes
  - MaterialComponents/Shapes (96.0.0):
    - MaterialComponents/private/Color
    - MaterialComponents/private/Math
    - MaterialComponents/ShadowLayer
  - MaterialComponents/Slider (96.0.0):
    - MaterialComponents/Elevation
    - MaterialComponents/Palettes
    - MaterialComponents/private/Math
    - MaterialComponents/private/ThumbTrack
    - MaterialComponents/ShadowElevations
  - "MaterialComponents/Slider+ColorThemer (96.0.0)":
    - MaterialComponents/Palettes
    - MaterialComponents/schemes/Color
    - MaterialComponents/Slider
  - MaterialComponents/Snackbar (96.0.0):
    - MaterialComponents/AnimationTiming
    - MaterialComponents/Buttons
    - MaterialComponents/Elevation
    - MaterialComponents/OverlayWindow
    - MaterialComponents/private/Application
    - MaterialComponents/private/KeyboardWatcher
    - MaterialComponents/private/Math
    - MaterialComponents/private/Overlay
    - MaterialComponents/ShadowElevations
    - MaterialComponents/ShadowLayer
    - MaterialComponents/Typography
  - "MaterialComponents/Snackbar+ColorThemer (96.0.0)":
    - MaterialComponents/schemes/Color
    - MaterialComponents/Snackbar
  - "MaterialComponents/Snackbar+FontThemer (96.0.0)":
    - MaterialComponents/Snackbar
    - MaterialComponents/Themes
  - "MaterialComponents/Snackbar+TypographyThemer (96.0.0)":
    - MaterialComponents/schemes/Typography
    - MaterialComponents/Snackbar
  - MaterialComponents/Tabs (96.0.0):
    - MaterialComponents/AnimationTiming
    - MaterialComponents/Elevation
    - MaterialComponents/Ink
    - MaterialComponents/Palettes
    - MaterialComponents/private/Math
    - MaterialComponents/Ripple
    - MaterialComponents/ShadowElevations
    - MaterialComponents/ShadowLayer
    - MaterialComponents/Typography
    - MDFInternationalization
  - "MaterialComponents/Tabs+ColorThemer (96.0.0)":
    - MaterialComponents/schemes/Color
    - MaterialComponents/Tabs
  - "MaterialComponents/Tabs+FontThemer (96.0.0)":
    - MaterialComponents/Tabs
    - MaterialComponents/Themes
  - "MaterialComponents/Tabs+Theming (96.0.0)":
    - MaterialComponents/schemes/Container
    - MaterialComponents/Tabs
    - "MaterialComponents/Tabs+ColorThemer"
    - "MaterialComponents/Tabs+TypographyThemer"
  - "MaterialComponents/Tabs+TypographyThemer (96.0.0)":
    - MaterialComponents/schemes/Typography
    - MaterialComponents/Tabs
  - MaterialComponents/TextControls (96.0.0):
    - MaterialComponents/AnimationTiming
    - MaterialComponents/private/Math
    - MDFInternationalization
  - "MaterialComponents/TextControls+Theming (96.0.0)":
    - MaterialComponents/schemes/Color
    - MaterialComponents/schemes/Container
    - MaterialComponents/schemes/Typography
    - MaterialComponents/TextControls
  - MaterialComponents/TextFields (96.0.0):
    - MaterialComponents/AnimationTiming
    - MaterialComponents/Buttons
    - MaterialComponents/Elevation
    - MaterialComponents/Palettes
    - MaterialComponents/private/Math
    - MaterialComponents/Typography
    - MDFInternationalization
  - "MaterialComponents/TextFields+ColorThemer (96.0.0)":
    - MaterialComponents/TextFields
    - MaterialComponents/Themes
  - "MaterialComponents/TextFields+FontThemer (96.0.0)":
    - MaterialComponents/TextFields
    - MaterialComponents/Themes
  - "MaterialComponents/TextFields+Theming (96.0.0)":
    - MaterialComponents/schemes/Container
    - MaterialComponents/TextFields
    - "MaterialComponents/TextFields+ColorThemer"
    - "MaterialComponents/TextFields+TypographyThemer"
  - "MaterialComponents/TextFields+TypographyThemer (96.0.0)":
    - MaterialComponents/schemes/Typography
    - MaterialComponents/TextFields
  - MaterialComponents/Themes (96.0.0):
    - MaterialComponents/schemes/Color
    - MaterialComponents/schemes/Typography
  - MaterialComponents/Typography (96.0.0):
    - MaterialComponents/private/Application
    - MaterialComponents/private/Math
  - MDFInternationalization (2.0.0)
  - MDFTextAccessibility (2.0.0)
  - MotionAnimator (2.8.1):
    - MotionInterchange (~> 1.6)
  - MotionInterchange (1.6.0)
  - nanopb (0.3.9011):
    - nanopb/decode (= 0.3.9011)
    - nanopb/encode (= 0.3.9011)
  - nanopb/decode (0.3.9011)
  - nanopb/encode (0.3.9011)
  - ObjectMapper (3.5.1)
  - p2.OAuth2 (5.0.0)
  - PromisesObjC (1.2.8)
  - Protobuf (3.11.2)
  - Realm (4.3.1):
    - Realm/Headers (= 4.3.1)
  - Realm/Headers (4.3.1)
  - RealmSwift (4.3.1):
    - Realm (= 4.3.1)
  - Sentry (4.3.1):
    - Sentry/Core (= 4.3.1)
  - Sentry/Core (4.3.1)
  - TrustDeviceInfo (1.2.0):
    - Alamofire (~> 4.8.2)
    - DeviceKit
  - TrustNotification (0.6.2):
    - AlamofireObjectMapper
    - Firebase/Core
    - Firebase/Messaging
    - MaterialComponents
    - ObjectMapper
    - RealmSwift
    - TrustDeviceInfo (~> 1.2.0)

DEPENDENCIES:
  - Audit
  - IQKeyboardManagerSwift
  - lottie-ios
  - MaterialComponents/BottomNavigation
  - "MaterialComponents/BottomNavigation+ColorThemer"
  - "MaterialComponents/BottomNavigation+TypographyThemer"
  - "MaterialComponents/Snackbar+TypographyThemer"
  - MaterialComponents/TextFields
  - p2.OAuth2
  - Sentry (from `https://github.com/getsentry/sentry-cocoa.git`, tag `4.3.1`)
  - TrustDeviceInfo
  - TrustNotification

SPEC REPOS:
  https://github.com/CocoaPods/Specs.git:
    - Alamofire
    - AlamofireObjectMapper
    - DeviceKit
    - Firebase
    - FirebaseAnalytics
    - FirebaseAnalyticsInterop
    - FirebaseCore
    - FirebaseCoreDiagnostics
    - FirebaseCoreDiagnosticsInterop
    - FirebaseInstallations
    - FirebaseInstanceID
    - FirebaseMessaging
    - GoogleAppMeasurement
    - GoogleDataTransport
    - GoogleDataTransportCCTSupport
    - GoogleUtilities
    - IQKeyboardManagerSwift
    - lottie-ios
    - MaterialComponents
    - MDFInternationalization
    - MDFTextAccessibility
    - MotionAnimator
    - MotionInterchange
    - nanopb
    - ObjectMapper
    - p2.OAuth2
    - PromisesObjC
    - Protobuf
    - Realm
    - RealmSwift
  https://github.com/trusttechnologies/auditpodspecs.git:
    - Audit
  https://github.com/trusttechnologies/TrustDeviceInfoPodSpecs.git:
    - TrustDeviceInfo
  https://github.com/trusttechnologies/trustnotificationpodspecs.git:
    - TrustNotification

EXTERNAL SOURCES:
  Sentry:
    :git: https://github.com/getsentry/sentry-cocoa.git
    :tag: 4.3.1

CHECKOUT OPTIONS:
  Sentry:
    :git: https://github.com/getsentry/sentry-cocoa.git
    :tag: 4.3.1

SPEC CHECKSUMS:
  Alamofire: ae5c501addb7afdbb13687d7f2f722c78734c2d3
  AlamofireObjectMapper: 1989f690e982b71921b9253f53a4f33a9bc00d88
  Audit: 2dcb79a4e7ed810a67e695f6848b31b702e3dc56
  DeviceKit: fc3c2bd361a8d68d8a91eb715e453aede57317e5
  Firebase: 5d77105d9740a07ca6b16927ca971db7e860faaf
  FirebaseAnalytics: e83e64b1231dedcd9ddd4bdecd9bcfd6ba341679
  FirebaseAnalyticsInterop: 3f86269c38ae41f47afeb43ebf32a001f58fcdae
  FirebaseCore: 4aeb81ff53dcd9a3634ca725dc1fb8c2a4622046
  FirebaseCoreDiagnostics: 5e78803ab276bc5b50340e3c539c06c3de35c649
  FirebaseCoreDiagnosticsInterop: 296e2c5f5314500a850ad0b83e9e7c10b011a850
  FirebaseInstallations: 575cd32f2aec0feeb0e44f5d0110a09e5e60b47b
  FirebaseInstanceID: 6668efc1655a4052c083f287a7141f1ead12f9c2
  FirebaseMessaging: 448cf4c727f3c95f4f90816907d67306ba785cfe
  GoogleAppMeasurement: a08a43b8677b95ed51fcef880e36737334d804fd
  GoogleDataTransport: 574a983e829327d7c18f2627f65d9e80164ea8a4
  GoogleDataTransportCCTSupport: cad3cd6cdbdbad6b5c2c9206ec413402755faaaa
  GoogleUtilities: f8de7ddf8c706f58e9b405d53e38bbdaa2731e5a
  IQKeyboardManagerSwift: 0fb93310284665245591f50f7a5e38de615960b7
  lottie-ios: 32bf84389337d86fbc8b12266e88452e0abf1dee
  MaterialComponents: df9ba0150df145e9e4c0337a8b0b8b61d7093332
  MDFInternationalization: 010097556d6b09d2c4ea38e0820ea6d37be6a314
  MDFTextAccessibility: 85c09a1bd9c321f494348e632a25063bcda35a53
  MotionAnimator: ee16aa30567c5bae0fb2750c132915829cfaaf8a
  MotionInterchange: ead0e3ae1f3a5fb539e289debbc7ae036160a10d
  nanopb: 18003b5e52dab79db540fe93fe9579f399bd1ccd
  ObjectMapper: 70187b8941977c62ccfb423caf6b50be405cabf0
  p2.OAuth2: 5d203b46c2857b4bbcca3e521089959e7b3b5a5c
  PromisesObjC: c119f3cd559f50b7ae681fa59dc1acd19173b7e6
  Protobuf: dd1aaea7140debfe4dd0683fb8ef208e527ae153
  Realm: 31dc40934081ef740f60feedc46d88473cbfeb40
  RealmSwift: b5199e9a41f67b99f51acf6874a6166f5fbe93d1
  Sentry: 5267d493a398663538317e4dcc438c12c66202ed
  TrustDeviceInfo: 3977701ed17ed92680975d315567345c112dd996
  TrustNotification: 4812f97ea22e254538665521c3fc2f8320f4e79e

PODFILE CHECKSUM: df6b1334d20a056bed9e901b03d261546f4f4622

COCOAPODS: 1.8.3
